
Microsoft Visual Studio Solution File, Format Version 12.00
# Visual Studio Version 17
VisualStudioVersion = 17.11.35327.3
MinimumVisualStudioVersion = 10.0.40219.1
Project("{9A19103F-16F7-4668-BE54-9A1E7A4F7556}") = "SonaNova.Api", "SonaNova.Api.csproj", "{53D80AE4-EC79-4B3C-B752-C62E2267B11F}"
EndProject
Project("{9A19103F-16F7-4668-BE54-9A1E7A4F7556}") = "SonaNova.Application", "..\RestaurantManagement.Application\SonaNova.Application.csproj", "{9775DEFD-AD0F-41DA-8967-76B259B093BB}"
EndProject
Project("{9A19103F-16F7-4668-BE54-9A1E7A4F7556}") = "SonaNova.Domain", "..\RestaurantManagement.Domain\SonaNova.Domain.csproj", "{92381B16-30FE-4132-894D-10F06B81E45C}"
EndProject
Project("{9A19103F-16F7-4668-BE54-9A1E7A4F7556}") = "SonaNova.Infrastructure", "..\RestaurantManagement.Infrastructure\SonaNova.Infrastructure.csproj", "{11660BBF-91B9-4CB7-92F4-2EEF8EBBE9A3}"
EndProject
Global
	GlobalSection(SolutionConfigurationPlatforms) = preSolution
		Debug|Any CPU = Debug|Any CPU
		Release|Any CPU = Release|Any CPU
	EndGlobalSection
	GlobalSection(ProjectConfigurationPlatforms) = postSolution
		{53D80AE4-EC79-4B3C-B752-C62E2267B11F}.Debug|Any CPU.ActiveCfg = Debug|Any CPU
		{53D80AE4-EC79-4B3C-B752-C62E2267B11F}.Debug|Any CPU.Build.0 = Debug|Any CPU
		{53D80AE4-EC79-4B3C-B752-C62E2267B11F}.Release|Any CPU.ActiveCfg = Release|Any CPU
		{53D80AE4-EC79-4B3C-B752-C62E2267B11F}.Release|Any CPU.Build.0 = Release|Any CPU
		{9775DEFD-AD0F-41DA-8967-76B259B093BB}.Debug|Any CPU.ActiveCfg = Debug|Any CPU
		{9775DEFD-AD0F-41DA-8967-76B259B093BB}.Debug|Any CPU.Build.0 = Debug|Any CPU
		{9775DEFD-AD0F-41DA-8967-76B259B093BB}.Release|Any CPU.ActiveCfg = Release|Any CPU
		{9775DEFD-AD0F-41DA-8967-76B259B093BB}.Release|Any CPU.Build.0 = Release|Any CPU
		{92381B16-30FE-4132-894D-10F06B81E45C}.Debug|Any CPU.ActiveCfg = Debug|Any CPU
		{92381B16-30FE-4132-894D-10F06B81E45C}.Debug|Any CPU.Build.0 = Debug|Any CPU
		{92381B16-30FE-4132-894D-10F06B81E45C}.Release|Any CPU.ActiveCfg = Release|Any CPU
		{92381B16-30FE-4132-894D-10F06B81E45C}.Release|Any CPU.Build.0 = Release|Any CPU
		{11660BBF-91B9-4CB7-92F4-2EEF8EBBE9A3}.Debug|Any CPU.ActiveCfg = Debug|Any CPU
		{11660BBF-91B9-4CB7-92F4-2EEF8EBBE9A3}.Debug|Any CPU.Build.0 = Debug|Any CPU
		{11660BBF-91B9-4CB7-92F4-2EEF8EBBE9A3}.Release|Any CPU.ActiveCfg = Release|Any CPU
		{11660BBF-91B9-4CB7-92F4-2EEF8EBBE9A3}.Release|Any CPU.Build.0 = Release|Any CPU
	EndGlobalSection
	GlobalSection(SolutionProperties) = preSolution
		HideSolutionNode = FALSE
	EndGlobalSection
	GlobalSection(ExtensibilityGlobals) = postSolution
		SolutionGuid = {1A210B51-D3AB-4307-9A89-8248A4973422}
	EndGlobalSection
EndGlobal
